{
  "originHash" : "856f6d3ba1b52a28e279839d70964166866980d67b908481048e70477643b69d",
  "pins" : [
    {
      "identity" : "bigint",
      "kind" : "remoteSourceControl",
      "location" : "https://github.com/mredig/BigInt.git",
      "state" : {
        "branch" : "decimal-perf",
        "revision" : "75c319c98dbbb425cb144569cadfd4be3061adfb"
      }
    },
    {
      "identity" : "swift-numerics",
      "kind" : "remoteSourceControl",
      "location" : "https://github.com/apple/swift-numerics",
      "state" : {
        "revision" : "0a5bc04095a675662cf24757cc0640aa2204253b",
        "version" : "1.0.2"
      }
    }
  ],
  "version" : 3
}
