{
  "originHash" : "a74af52289f82fec13a6c5e04169dbc5675e7241c22e643bba87aa2f49b26dab",
  "pins" : [
    {
      "identity" : "bigint",
      "kind" : "remoteSourceControl",
      "location" : "https://github.com/attaswift/BigInt.git",
      "state" : {
        "branch" : "master",
        "revision" : "114343a705df4725dfe7ab8a2a326b8883cfd79c"
      }
    },
    {
      "identity" : "swift-numerics",
      "kind" : "remoteSourceControl",
      "location" : "https://github.com/apple/swift-numerics",
      "state" : {
        "revision" : "0a5bc04095a675662cf24757cc0640aa2204253b",
        "version" : "1.0.2"
      }
    }
  ],
  "version" : 3
}
