{
  "originHash" : "cd8d19bdb55976b9db20cb762f0b11fdde3c2f56978daafed6e9cb8906ee5b5b",
  "pins" : [
    {
      "identity" : "bigint",
      "kind" : "remoteSourceControl",
      "location" : "https://github.com/mredig/BigInt.git",
      "state" : {
        "branch" : "decimal-perf2",
        "revision" : "9cd0c2721b5fbced5cdf65bb317f1bb8f9727ca6"
      }
    },
    {
      "identity" : "swift-numerics",
      "kind" : "remoteSourceControl",
      "location" : "https://github.com/apple/swift-numerics",
      "state" : {
        "revision" : "0a5bc04095a675662cf24757cc0640aa2204253b",
        "version" : "1.0.2"
      }
    }
  ],
  "version" : 3
}
